
Microsoft Visual Studio Solution File, Format Version 12.00
# Visual Studio Version 17
VisualStudioVersion = 17.5.002.0
MinimumVisualStudioVersion = 10.0.40219.1
Project("{9A19103F-16F7-4668-BE54-9A1E7A4F7556}") = "Calculator", "Calculator.csproj", "{17C32383-A77F-4F82-9D47-4F0ED19935AF}"
EndProject
Global
	GlobalSection(SolutionConfigurationPlatforms) = preSolution
		Debug|Any CPU = Debug|Any CPU
		Release|Any CPU = Release|Any CPU
	EndGlobalSection
	GlobalSection(ProjectConfigurationPlatforms) = postSolution
		{17C32383-A77F-4F82-9D47-4F0ED19935AF}.Debug|Any CPU.ActiveCfg = Debug|Any CPU
		{17C32383-A77F-4F82-9D47-4F0ED19935AF}.Debug|Any CPU.Build.0 = Debug|Any CPU
		{17C32383-A77F-4F82-9D47-4F0ED19935AF}.Release|Any CPU.ActiveCfg = Release|Any CPU
		{17C32383-A77F-4F82-9D47-4F0ED19935AF}.Release|Any CPU.Build.0 = Release|Any CPU
	EndGlobalSection
	GlobalSection(SolutionProperties) = preSolution
		HideSolutionNode = FALSE
	EndGlobalSection
	GlobalSection(ExtensibilityGlobals) = postSolution
		SolutionGuid = {41E98E05-4EE9-4728-B989-4C341A8AD029}
	EndGlobalSection
EndGlobal
